
Microsoft Visual Studio Solution File, Format Version 12.00
# Visual Studio Version 17
VisualStudioVersion = 17.13.35825.156
MinimumVisualStudioVersion = 10.0.40219.1
Project("{8BC9CEB8-8B4A-11D0-8D11-00A0C91BC942}") = "Chap01", "Chap01\Chap01.vcxproj", "{251C1ECC-1315-4867-9455-6F2B7EA4C17D}"
EndProject
Project("{8BC9CEB8-8B4A-11D0-8D11-00A0C91BC942}") = "Chap02", "Chap02\Chap02.vcxproj", "{C856CA54-E02A-4E6C-AC81-8621753F74AA}"
EndProject
Project("{8BC9CEB8-8B4A-11D0-8D11-00A0C91BC942}") = "Chap03", "Chap03\Chap03.vcxproj", "{E7043A1D-C3CD-4D38-8AF5-A830E8601D0B}"
EndProject
Project("{8BC9CEB8-8B4A-11D0-8D11-00A0C91BC942}") = "Chap04", "Chap04\Chap04.vcxproj", "{56E4A303-FA0A-42DA-9DBC-4C2D13559B59}"
EndProject
Project("{8BC9CEB8-8B4A-11D0-8D11-00A0C91BC942}") = "Chap05", "Chap05\Chap05.vcxproj", "{D1409219-063A-42E9-90DE-389CC710B89E}"
EndProject
Project("{8BC9CEB8-8B4A-11D0-8D11-00A0C91BC942}") = "Chap06", "Chap06\Chap06.vcxproj", "{AE730DB5-F16A-4E32-BAE1-6B08DF9212B9}"
EndProject
Project("{8BC9CEB8-8B4A-11D0-8D11-00A0C91BC942}") = "Chap07", "Chap07\Chap07.vcxproj", "{DF994347-F94F-446E-8FF4-00EAD86E355E}"
EndProject
Project("{8BC9CEB8-8B4A-11D0-8D11-00A0C91BC942}") = "Chap08", "Chap08\Chap08.vcxproj", "{4C48177A-6B07-4246-B38D-4D72C4108BD9}"
EndProject
Project("{8BC9CEB8-8B4A-11D0-8D11-00A0C91BC942}") = "Chap10", "Chap10\Chap10.vcxproj", "{8E5BDFAF-1F7F-45F0-9AD0-1D2AA3097461}"
EndProject
Global
	GlobalSection(SolutionConfigurationPlatforms) = preSolution
		Debug|x64 = Debug|x64
		Debug|x86 = Debug|x86
		Release|x64 = Release|x64
		Release|x86 = Release|x86
	EndGlobalSection
	GlobalSection(ProjectConfigurationPlatforms) = postSolution
		{251C1ECC-1315-4867-9455-6F2B7EA4C17D}.Debug|x64.ActiveCfg = Debug|x64
		{251C1ECC-1315-4867-9455-6F2B7EA4C17D}.Debug|x64.Build.0 = Debug|x64
		{251C1ECC-1315-4867-9455-6F2B7EA4C17D}.Debug|x86.ActiveCfg = Debug|Win32
		{251C1ECC-1315-4867-9455-6F2B7EA4C17D}.Debug|x86.Build.0 = Debug|Win32
		{251C1ECC-1315-4867-9455-6F2B7EA4C17D}.Release|x64.ActiveCfg = Release|x64
		{251C1ECC-1315-4867-9455-6F2B7EA4C17D}.Release|x64.Build.0 = Release|x64
		{251C1ECC-1315-4867-9455-6F2B7EA4C17D}.Release|x86.ActiveCfg = Release|Win32
		{251C1ECC-1315-4867-9455-6F2B7EA4C17D}.Release|x86.Build.0 = Release|Win32
		{C856CA54-E02A-4E6C-AC81-8621753F74AA}.Debug|x64.ActiveCfg = Debug|x64
		{C856CA54-E02A-4E6C-AC81-8621753F74AA}.Debug|x64.Build.0 = Debug|x64
		{C856CA54-E02A-4E6C-AC81-8621753F74AA}.Debug|x86.ActiveCfg = Debug|Win32
		{C856CA54-E02A-4E6C-AC81-8621753F74AA}.Debug|x86.Build.0 = Debug|Win32
		{C856CA54-E02A-4E6C-AC81-8621753F74AA}.Release|x64.ActiveCfg = Release|x64
		{C856CA54-E02A-4E6C-AC81-8621753F74AA}.Release|x64.Build.0 = Release|x64
		{C856CA54-E02A-4E6C-AC81-8621753F74AA}.Release|x86.ActiveCfg = Release|Win32
		{C856CA54-E02A-4E6C-AC81-8621753F74AA}.Release|x86.Build.0 = Release|Win32
		{E7043A1D-C3CD-4D38-8AF5-A830E8601D0B}.Debug|x64.ActiveCfg = Debug|x64
		{E7043A1D-C3CD-4D38-8AF5-A830E8601D0B}.Debug|x64.Build.0 = Debug|x64
		{E7043A1D-C3CD-4D38-8AF5-A830E8601D0B}.Debug|x86.ActiveCfg = Debug|Win32
		{E7043A1D-C3CD-4D38-8AF5-A830E8601D0B}.Debug|x86.Build.0 = Debug|Win32
		{E7043A1D-C3CD-4D38-8AF5-A830E8601D0B}.Release|x64.ActiveCfg = Release|x64
		{E7043A1D-C3CD-4D38-8AF5-A830E8601D0B}.Release|x64.Build.0 = Release|x64
		{E7043A1D-C3CD-4D38-8AF5-A830E8601D0B}.Release|x86.ActiveCfg = Release|Win32
		{E7043A1D-C3CD-4D38-8AF5-A830E8601D0B}.Release|x86.Build.0 = Release|Win32
		{56E4A303-FA0A-42DA-9DBC-4C2D13559B59}.Debug|x64.ActiveCfg = Debug|x64
		{56E4A303-FA0A-42DA-9DBC-4C2D13559B59}.Debug|x64.Build.0 = Debug|x64
		{56E4A303-FA0A-42DA-9DBC-4C2D13559B59}.Debug|x86.ActiveCfg = Debug|Win32
		{56E4A303-FA0A-42DA-9DBC-4C2D13559B59}.Debug|x86.Build.0 = Debug|Win32
		{56E4A303-FA0A-42DA-9DBC-4C2D13559B59}.Release|x64.ActiveCfg = Release|x64
		{56E4A303-FA0A-42DA-9DBC-4C2D13559B59}.Release|x64.Build.0 = Release|x64
		{56E4A303-FA0A-42DA-9DBC-4C2D13559B59}.Release|x86.ActiveCfg = Release|Win32
		{56E4A303-FA0A-42DA-9DBC-4C2D13559B59}.Release|x86.Build.0 = Release|Win32
		{D1409219-063A-42E9-90DE-389CC710B89E}.Debug|x64.ActiveCfg = Debug|x64
		{D1409219-063A-42E9-90DE-389CC710B89E}.Debug|x64.Build.0 = Debug|x64
		{D1409219-063A-42E9-90DE-389CC710B89E}.Debug|x86.ActiveCfg = Debug|Win32
		{D1409219-063A-42E9-90DE-389CC710B89E}.Debug|x86.Build.0 = Debug|Win32
		{D1409219-063A-42E9-90DE-389CC710B89E}.Release|x64.ActiveCfg = Release|x64
		{D1409219-063A-42E9-90DE-389CC710B89E}.Release|x64.Build.0 = Release|x64
		{D1409219-063A-42E9-90DE-389CC710B89E}.Release|x86.ActiveCfg = Release|Win32
		{D1409219-063A-42E9-90DE-389CC710B89E}.Release|x86.Build.0 = Release|Win32
		{AE730DB5-F16A-4E32-BAE1-6B08DF9212B9}.Debug|x64.ActiveCfg = Debug|x64
		{AE730DB5-F16A-4E32-BAE1-6B08DF9212B9}.Debug|x64.Build.0 = Debug|x64
		{AE730DB5-F16A-4E32-BAE1-6B08DF9212B9}.Debug|x86.ActiveCfg = Debug|Win32
		{AE730DB5-F16A-4E32-BAE1-6B08DF9212B9}.Debug|x86.Build.0 = Debug|Win32
		{AE730DB5-F16A-4E32-BAE1-6B08DF9212B9}.Release|x64.ActiveCfg = Release|x64
		{AE730DB5-F16A-4E32-BAE1-6B08DF9212B9}.Release|x64.Build.0 = Release|x64
		{AE730DB5-F16A-4E32-BAE1-6B08DF9212B9}.Release|x86.ActiveCfg = Release|Win32
		{AE730DB5-F16A-4E32-BAE1-6B08DF9212B9}.Release|x86.Build.0 = Release|Win32
		{DF994347-F94F-446E-8FF4-00EAD86E355E}.Debug|x64.ActiveCfg = Debug|x64
		{DF994347-F94F-446E-8FF4-00EAD86E355E}.Debug|x64.Build.0 = Debug|x64
		{DF994347-F94F-446E-8FF4-00EAD86E355E}.Debug|x86.ActiveCfg = Debug|Win32
		{DF994347-F94F-446E-8FF4-00EAD86E355E}.Debug|x86.Build.0 = Debug|Win32
		{DF994347-F94F-446E-8FF4-00EAD86E355E}.Release|x64.ActiveCfg = Release|x64
		{DF994347-F94F-446E-8FF4-00EAD86E355E}.Release|x64.Build.0 = Release|x64
		{DF994347-F94F-446E-8FF4-00EAD86E355E}.Release|x86.ActiveCfg = Release|Win32
		{DF994347-F94F-446E-8FF4-00EAD86E355E}.Release|x86.Build.0 = Release|Win32
		{4C48177A-6B07-4246-B38D-4D72C4108BD9}.Debug|x64.ActiveCfg = Debug|x64
		{4C48177A-6B07-4246-B38D-4D72C4108BD9}.Debug|x64.Build.0 = Debug|x64
		{4C48177A-6B07-4246-B38D-4D72C4108BD9}.Debug|x86.ActiveCfg = Debug|Win32
		{4C48177A-6B07-4246-B38D-4D72C4108BD9}.Debug|x86.Build.0 = Debug|Win32
		{4C48177A-6B07-4246-B38D-4D72C4108BD9}.Release|x64.ActiveCfg = Release|x64
		{4C48177A-6B07-4246-B38D-4D72C4108BD9}.Release|x64.Build.0 = Release|x64
		{4C48177A-6B07-4246-B38D-4D72C4108BD9}.Release|x86.ActiveCfg = Release|Win32
		{4C48177A-6B07-4246-B38D-4D72C4108BD9}.Release|x86.Build.0 = Release|Win32
		{8E5BDFAF-1F7F-45F0-9AD0-1D2AA3097461}.Debug|x64.ActiveCfg = Debug|x64
		{8E5BDFAF-1F7F-45F0-9AD0-1D2AA3097461}.Debug|x64.Build.0 = Debug|x64
		{8E5BDFAF-1F7F-45F0-9AD0-1D2AA3097461}.Debug|x86.ActiveCfg = Debug|Win32
		{8E5BDFAF-1F7F-45F0-9AD0-1D2AA3097461}.Debug|x86.Build.0 = Debug|Win32
		{8E5BDFAF-1F7F-45F0-9AD0-1D2AA3097461}.Release|x64.ActiveCfg = Release|x64
		{8E5BDFAF-1F7F-45F0-9AD0-1D2AA3097461}.Release|x64.Build.0 = Release|x64
		{8E5BDFAF-1F7F-45F0-9AD0-1D2AA3097461}.Release|x86.ActiveCfg = Release|Win32
		{8E5BDFAF-1F7F-45F0-9AD0-1D2AA3097461}.Release|x86.Build.0 = Release|Win32
	EndGlobalSection
	GlobalSection(SolutionProperties) = preSolution
		HideSolutionNode = FALSE
	EndGlobalSection
	GlobalSection(ExtensibilityGlobals) = postSolution
		SolutionGuid = {285A44EF-5DA3-4E07-838B-75289A22A835}
	EndGlobalSection
EndGlobal
